// !$*UTF8*$!
{
	archiveVersion = 1;
	classes = {
	};
	objectVersion = 46;
	objects = {

/* Begin PBXBuildFile section */
		AF28795F1A2152A400548C1F /* AFNetworkActivityIndicatorManager.m in Sources */ = {isa = PBXBuildFile; fileRef = AF28794F1A2152A400548C1F /* AFNetworkActivityIndicatorManager.m */; };
		AF2879601A2152A400548C1F /* UIActivityIndicatorView+AFNetworking.m in Sources */ = {isa = PBXBuildFile; fileRef = AF2879511A2152A400548C1F /* UIActivityIndicatorView+AFNetworking.m */; };
		AF2879611A2152A400548C1F /* UIAlertView+AFNetworking.m in Sources */ = {isa = PBXBuildFile; fileRef = AF2879531A2152A400548C1F /* UIAlertView+AFNetworking.m */; };
		AF2879621A2152A400548C1F /* UIButton+AFNetworking.m in Sources */ = {isa = PBXBuildFile; fileRef = AF2879551A2152A400548C1F /* UIButton+AFNetworking.m */; };
		AF2879631A2152A400548C1F /* UIImageView+AFNetworking.m in Sources */ = {isa = PBXBuildFile; fileRef = AF2879571A2152A400548C1F /* UIImageView+AFNetworking.m */; };
		AF2879641A2152A400548C1F /* UIProgressView+AFNetworking.m in Sources */ = {isa = PBXBuildFile; fileRef = AF28795A1A2152A400548C1F /* UIProgressView+AFNetworking.m */; };
		AF2879651A2152A400548C1F /* UIRefreshControl+AFNetworking.m in Sources */ = {isa = PBXBuildFile; fileRef = AF28795C1A2152A400548C1F /* UIRefreshControl+AFNetworking.m */; };
		AF2879661A2152A400548C1F /* UIWebView+AFNetworking.m in Sources */ = {isa = PBXBuildFile; fileRef = AF28795E1A2152A400548C1F /* UIWebView+AFNetworking.m */; };
		AF7F0C2A1A2BCF0D00455F68 /* ThemChatCell.m in Sources */ = {isa = PBXBuildFile; fileRef = AF7F0C291A2BCF0D00455F68 /* ThemChatCell.m */; };
		AF7F0C2D1A2BCF2E00455F68 /* YouChatCell.m in Sources */ = {isa = PBXBuildFile; fileRef = AF7F0C2C1A2BCF2E00455F68 /* YouChatCell.m */; };
		AF7F0C301A2C076D00455F68 /* ChatCell.m in Sources */ = {isa = PBXBuildFile; fileRef = AF7F0C2F1A2C076D00455F68 /* ChatCell.m */; };
		AFA6B0791A291ECA00026610 /* creme_brelee.jpg in Resources */ = {isa = PBXBuildFile; fileRef = AFA6B0781A291EC900026610 /* creme_brelee.jpg */; };
		AFACFB001A1BAEB50006405D /* main.m in Sources */ = {isa = PBXBuildFile; fileRef = AFACFAFF1A1BAEB50006405D /* main.m */; };
		AFACFB031A1BAEB50006405D /* AppDelegate.m in Sources */ = {isa = PBXBuildFile; fileRef = AFACFB021A1BAEB50006405D /* AppDelegate.m */; };
		AFACFB061A1BAEB50006405D /* ViewController.m in Sources */ = {isa = PBXBuildFile; fileRef = AFACFB051A1BAEB50006405D /* ViewController.m */; };
		AFACFB091A1BAEB50006405D /* Main.storyboard in Resources */ = {isa = PBXBuildFile; fileRef = AFACFB071A1BAEB50006405D /* Main.storyboard */; };
		AFACFB0B1A1BAEB50006405D /* Images.xcassets in Resources */ = {isa = PBXBuildFile; fileRef = AFACFB0A1A1BAEB50006405D /* Images.xcassets */; };
		AFACFB0E1A1BAEB50006405D /* LaunchScreen.xib in Resources */ = {isa = PBXBuildFile; fileRef = AFACFB0C1A1BAEB50006405D /* LaunchScreen.xib */; };
		AFACFB1A1A1BAEB60006405D /* MERogers_FinalTests.m in Sources */ = {isa = PBXBuildFile; fileRef = AFACFB191A1BAEB60006405D /* MERogers_FinalTests.m */; };
		AFACFB371A1BC37E0006405D /* AFHTTPRequestOperation.m in Sources */ = {isa = PBXBuildFile; fileRef = AFACFB251A1BC37E0006405D /* AFHTTPRequestOperation.m */; };
		AFACFB381A1BC37E0006405D /* AFHTTPRequestOperationManager.m in Sources */ = {isa = PBXBuildFile; fileRef = AFACFB271A1BC37E0006405D /* AFHTTPRequestOperationManager.m */; };
		AFACFB391A1BC37E0006405D /* AFHTTPSessionManager.m in Sources */ = {isa = PBXBuildFile; fileRef = AFACFB291A1BC37E0006405D /* AFHTTPSessionManager.m */; };
		AFACFB3A1A1BC37E0006405D /* AFNetworkReachabilityManager.m in Sources */ = {isa = PBXBuildFile; fileRef = AFACFB2C1A1BC37E0006405D /* AFNetworkReachabilityManager.m */; };
		AFACFB3B1A1BC37E0006405D /* AFSecurityPolicy.m in Sources */ = {isa = PBXBuildFile; fileRef = AFACFB2E1A1BC37E0006405D /* AFSecurityPolicy.m */; };
		AFACFB3C1A1BC37E0006405D /* AFURLConnectionOperation.m in Sources */ = {isa = PBXBuildFile; fileRef = AFACFB301A1BC37E0006405D /* AFURLConnectionOperation.m */; };
		AFACFB3D1A1BC37E0006405D /* AFURLRequestSerialization.m in Sources */ = {isa = PBXBuildFile; fileRef = AFACFB321A1BC37E0006405D /* AFURLRequestSerialization.m */; };
		AFACFB3E1A1BC37E0006405D /* AFURLResponseSerialization.m in Sources */ = {isa = PBXBuildFile; fileRef = AFACFB341A1BC37E0006405D /* AFURLResponseSerialization.m */; };
		AFACFB3F1A1BC37E0006405D /* AFURLSessionManager.m in Sources */ = {isa = PBXBuildFile; fileRef = AFACFB361A1BC37E0006405D /* AFURLSessionManager.m */; };
		AFACFB4B1A1BC38E0006405D /* JSONAPI.m in Sources */ = {isa = PBXBuildFile; fileRef = AFACFB421A1BC38E0006405D /* JSONAPI.m */; };
		AFACFB4C1A1BC38E0006405D /* JSONAPIResource.m in Sources */ = {isa = PBXBuildFile; fileRef = AFACFB441A1BC38E0006405D /* JSONAPIResource.m */; };
		AFACFB4D1A1BC38E0006405D /* JSONAPIResourceFormatter.m in Sources */ = {isa = PBXBuildFile; fileRef = AFACFB461A1BC38E0006405D /* JSONAPIResourceFormatter.m */; };
		AFACFB4E1A1BC38E0006405D /* JSONAPIResourceLinker.m in Sources */ = {isa = PBXBuildFile; fileRef = AFACFB481A1BC38E0006405D /* JSONAPIResourceLinker.m */; };
		AFACFB4F1A1BC38E0006405D /* JSONAPIResourceModeler.m in Sources */ = {isa = PBXBuildFile; fileRef = AFACFB4A1A1BC38E0006405D /* JSONAPIResourceModeler.m */; };
		AFACFB521A1C17160006405D /* ProfileViewController.m in Sources */ = {isa = PBXBuildFile; fileRef = AFACFB511A1C17160006405D /* ProfileViewController.m */; };
		AFACFB551A1C1ABE0006405D /* UserViewController.m in Sources */ = {isa = PBXBuildFile; fileRef = AFACFB541A1C1ABE0006405D /* UserViewController.m */; };
		AFCCDF2B1A2BC0680029497C /* ConversationViewCell.m in Sources */ = {isa = PBXBuildFile; fileRef = AFCCDF2A1A2BC0680029497C /* ConversationViewCell.m */; };
		AFEC71241A23D96700E1F46C /* InboxViewController.m in Sources */ = {isa = PBXBuildFile; fileRef = AFEC71231A23D96700E1F46C /* InboxViewController.m */; };
		AFEC71271A23D98700E1F46C /* ConversationViewController.m in Sources */ = {isa = PBXBuildFile; fileRef = AFEC71261A23D98700E1F46C /* ConversationViewController.m */; };
/* End PBXBuildFile section */

/* Begin PBXContainerItemProxy section */
		AFACFB141A1BAEB60006405D /* PBXContainerItemProxy */ = {
			isa = PBXContainerItemProxy;
			containerPortal = AFACFAF21A1BAEB50006405D /* Project object */;
			proxyType = 1;
			remoteGlobalIDString = AFACFAF91A1BAEB50006405D;
			remoteInfo = MERogers_Final;
		};
/* End PBXContainerItemProxy section */

/* Begin PBXFileReference section */
		AF28794E1A2152A400548C1F /* AFNetworkActivityIndicatorManager.h */ = {isa = PBXFileReference; fileEncoding = 4; lastKnownFileType = sourcecode.c.h; path = AFNetworkActivityIndicatorManager.h; sourceTree = "<group>"; };
		AF28794F1A2152A400548C1F /* AFNetworkActivityIndicatorManager.m */ = {isa = PBXFileReference; fileEncoding = 4; lastKnownFileType = sourcecode.c.objc; path = AFNetworkActivityIndicatorManager.m; sourceTree = "<group>"; };
		AF2879501A2152A400548C1F /* UIActivityIndicatorView+AFNetworking.h */ = {isa = PBXFileReference; fileEncoding = 4; lastKnownFileType = sourcecode.c.h; path = "UIActivityIndicatorView+AFNetworking.h"; sourceTree = "<group>"; };
		AF2879511A2152A400548C1F /* UIActivityIndicatorView+AFNetworking.m */ = {isa = PBXFileReference; fileEncoding = 4; lastKnownFileType = sourcecode.c.objc; path = "UIActivityIndicatorView+AFNetworking.m"; sourceTree = "<group>"; };
		AF2879521A2152A400548C1F /* UIAlertView+AFNetworking.h */ = {isa = PBXFileReference; fileEncoding = 4; lastKnownFileType = sourcecode.c.h; path = "UIAlertView+AFNetworking.h"; sourceTree = "<group>"; };
		AF2879531A2152A400548C1F /* UIAlertView+AFNetworking.m */ = {isa = PBXFileReference; fileEncoding = 4; lastKnownFileType = sourcecode.c.objc; path = "UIAlertView+AFNetworking.m"; sourceTree = "<group>"; };
		AF2879541A2152A400548C1F /* UIButton+AFNetworking.h */ = {isa = PBXFileReference; fileEncoding = 4; lastKnownFileType = sourcecode.c.h; path = "UIButton+AFNetworking.h"; sourceTree = "<group>"; };
		AF2879551A2152A400548C1F /* UIButton+AFNetworking.m */ = {isa = PBXFileReference; fileEncoding = 4; lastKnownFileType = sourcecode.c.objc; path = "UIButton+AFNetworking.m"; sourceTree = "<group>"; };
		AF2879561A2152A400548C1F /* UIImageView+AFNetworking.h */ = {isa = PBXFileReference; fileEncoding = 4; lastKnownFileType = sourcecode.c.h; path = "UIImageView+AFNetworking.h"; sourceTree = "<group>"; };
		AF2879571A2152A400548C1F /* UIImageView+AFNetworking.m */ = {isa = PBXFileReference; fileEncoding = 4; lastKnownFileType = sourcecode.c.objc; path = "UIImageView+AFNetworking.m"; sourceTree = "<group>"; };
		AF2879581A2152A400548C1F /* UIKit+AFNetworking.h */ = {isa = PBXFileReference; fileEncoding = 4; lastKnownFileType = sourcecode.c.h; path = "UIKit+AFNetworking.h"; sourceTree = "<group>"; };
		AF2879591A2152A400548C1F /* UIProgressView+AFNetworking.h */ = {isa = PBXFileReference; fileEncoding = 4; lastKnownFileType = sourcecode.c.h; path = "UIProgressView+AFNetworking.h"; sourceTree = "<group>"; };
		AF28795A1A2152A400548C1F /* UIProgressView+AFNetworking.m */ = {isa = PBXFileReference; fileEncoding = 4; lastKnownFileType = sourcecode.c.objc; path = "UIProgressView+AFNetworking.m"; sourceTree = "<group>"; };
		AF28795B1A2152A400548C1F /* UIRefreshControl+AFNetworking.h */ = {isa = PBXFileReference; fileEncoding = 4; lastKnownFileType = sourcecode.c.h; path = "UIRefreshControl+AFNetworking.h"; sourceTree = "<group>"; };
		AF28795C1A2152A400548C1F /* UIRefreshControl+AFNetworking.m */ = {isa = PBXFileReference; fileEncoding = 4; lastKnownFileType = sourcecode.c.objc; path = "UIRefreshControl+AFNetworking.m"; sourceTree = "<group>"; };
		AF28795D1A2152A400548C1F /* UIWebView+AFNetworking.h */ = {isa = PBXFileReference; fileEncoding = 4; lastKnownFileType = sourcecode.c.h; path = "UIWebView+AFNetworking.h"; sourceTree = "<group>"; };
		AF28795E1A2152A400548C1F /* UIWebView+AFNetworking.m */ = {isa = PBXFileReference; fileEncoding = 4; lastKnownFileType = sourcecode.c.objc; path = "UIWebView+AFNetworking.m"; sourceTree = "<group>"; };
		AF7F0C281A2BCF0D00455F68 /* ThemChatCell.h */ = {isa = PBXFileReference; fileEncoding = 4; lastKnownFileType = sourcecode.c.h; path = ThemChatCell.h; sourceTree = "<group>"; };
		AF7F0C291A2BCF0D00455F68 /* ThemChatCell.m */ = {isa = PBXFileReference; fileEncoding = 4; lastKnownFileType = sourcecode.c.objc; path = ThemChatCell.m; sourceTree = "<group>"; };
		AF7F0C2B1A2BCF2E00455F68 /* YouChatCell.h */ = {isa = PBXFileReference; fileEncoding = 4; lastKnownFileType = sourcecode.c.h; path = YouChatCell.h; sourceTree = "<group>"; };
		AF7F0C2C1A2BCF2E00455F68 /* YouChatCell.m */ = {isa = PBXFileReference; fileEncoding = 4; lastKnownFileType = sourcecode.c.objc; path = YouChatCell.m; sourceTree = "<group>"; };
		AF7F0C2E1A2C076D00455F68 /* ChatCell.h */ = {isa = PBXFileReference; fileEncoding = 4; lastKnownFileType = sourcecode.c.h; path = ChatCell.h; sourceTree = "<group>"; };
		AF7F0C2F1A2C076D00455F68 /* ChatCell.m */ = {isa = PBXFileReference; fileEncoding = 4; lastKnownFileType = sourcecode.c.objc; path = ChatCell.m; sourceTree = "<group>"; };
		AFA6B0781A291EC900026610 /* creme_brelee.jpg */ = {isa = PBXFileReference; lastKnownFileType = image.jpeg; path = creme_brelee.jpg; sourceTree = "<group>"; };
		AFACFAFA1A1BAEB50006405D /* MERogers_Final.app */ = {isa = PBXFileReference; explicitFileType = wrapper.application; includeInIndex = 0; path = MERogers_Final.app; sourceTree = BUILT_PRODUCTS_DIR; };
		AFACFAFE1A1BAEB50006405D /* Info.plist */ = {isa = PBXFileReference; lastKnownFileType = text.plist.xml; path = Info.plist; sourceTree = "<group>"; };
		AFACFAFF1A1BAEB50006405D /* main.m */ = {isa = PBXFileReference; lastKnownFileType = sourcecode.c.objc; path = main.m; sourceTree = "<group>"; };
		AFACFB011A1BAEB50006405D /* AppDelegate.h */ = {isa = PBXFileReference; lastKnownFileType = sourcecode.c.h; path = AppDelegate.h; sourceTree = "<group>"; };
		AFACFB021A1BAEB50006405D /* AppDelegate.m */ = {isa = PBXFileReference; lastKnownFileType = sourcecode.c.objc; path = AppDelegate.m; sourceTree = "<group>"; };
		AFACFB041A1BAEB50006405D /* ViewController.h */ = {isa = PBXFileReference; lastKnownFileType = sourcecode.c.h; path = ViewController.h; sourceTree = "<group>"; };
		AFACFB051A1BAEB50006405D /* ViewController.m */ = {isa = PBXFileReference; lastKnownFileType = sourcecode.c.objc; path = ViewController.m; sourceTree = "<group>"; };
		AFACFB081A1BAEB50006405D /* Base */ = {isa = PBXFileReference; lastKnownFileType = file.storyboard; name = Base; path = Base.lproj/Main.storyboard; sourceTree = "<group>"; };
		AFACFB0A1A1BAEB50006405D /* Images.xcassets */ = {isa = PBXFileReference; lastKnownFileType = folder.assetcatalog; path = Images.xcassets; sourceTree = "<group>"; };
		AFACFB0D1A1BAEB50006405D /* Base */ = {isa = PBXFileReference; lastKnownFileType = file.xib; name = Base; path = Base.lproj/LaunchScreen.xib; sourceTree = "<group>"; };
		AFACFB131A1BAEB60006405D /* MERogers_FinalTests.xctest */ = {isa = PBXFileReference; explicitFileType = wrapper.cfbundle; includeInIndex = 0; path = MERogers_FinalTests.xctest; sourceTree = BUILT_PRODUCTS_DIR; };
		AFACFB181A1BAEB60006405D /* Info.plist */ = {isa = PBXFileReference; lastKnownFileType = text.plist.xml; path = Info.plist; sourceTree = "<group>"; };
		AFACFB191A1BAEB60006405D /* MERogers_FinalTests.m */ = {isa = PBXFileReference; lastKnownFileType = sourcecode.c.objc; path = MERogers_FinalTests.m; sourceTree = "<group>"; };
		AFACFB241A1BC37E0006405D /* AFHTTPRequestOperation.h */ = {isa = PBXFileReference; fileEncoding = 4; lastKnownFileType = sourcecode.c.h; path = AFHTTPRequestOperation.h; sourceTree = "<group>"; };
		AFACFB251A1BC37E0006405D /* AFHTTPRequestOperation.m */ = {isa = PBXFileReference; fileEncoding = 4; lastKnownFileType = sourcecode.c.objc; path = AFHTTPRequestOperation.m; sourceTree = "<group>"; };
		AFACFB261A1BC37E0006405D /* AFHTTPRequestOperationManager.h */ = {isa = PBXFileReference; fileEncoding = 4; lastKnownFileType = sourcecode.c.h; path = AFHTTPRequestOperationManager.h; sourceTree = "<group>"; };
		AFACFB271A1BC37E0006405D /* AFHTTPRequestOperationManager.m */ = {isa = PBXFileReference; fileEncoding = 4; lastKnownFileType = sourcecode.c.objc; path = AFHTTPRequestOperationManager.m; sourceTree = "<group>"; };
		AFACFB281A1BC37E0006405D /* AFHTTPSessionManager.h */ = {isa = PBXFileReference; fileEncoding = 4; lastKnownFileType = sourcecode.c.h; path = AFHTTPSessionManager.h; sourceTree = "<group>"; };
		AFACFB291A1BC37E0006405D /* AFHTTPSessionManager.m */ = {isa = PBXFileReference; fileEncoding = 4; lastKnownFileType = sourcecode.c.objc; path = AFHTTPSessionManager.m; sourceTree = "<group>"; };
		AFACFB2A1A1BC37E0006405D /* AFNetworking.h */ = {isa = PBXFileReference; fileEncoding = 4; lastKnownFileType = sourcecode.c.h; path = AFNetworking.h; sourceTree = "<group>"; };
		AFACFB2B1A1BC37E0006405D /* AFNetworkReachabilityManager.h */ = {isa = PBXFileReference; fileEncoding = 4; lastKnownFileType = sourcecode.c.h; path = AFNetworkReachabilityManager.h; sourceTree = "<group>"; };
		AFACFB2C1A1BC37E0006405D /* AFNetworkReachabilityManager.m */ = {isa = PBXFileReference; fileEncoding = 4; lastKnownFileType = sourcecode.c.objc; path = AFNetworkReachabilityManager.m; sourceTree = "<group>"; };
		AFACFB2D1A1BC37E0006405D /* AFSecurityPolicy.h */ = {isa = PBXFileReference; fileEncoding = 4; lastKnownFileType = sourcecode.c.h; path = AFSecurityPolicy.h; sourceTree = "<group>"; };
		AFACFB2E1A1BC37E0006405D /* AFSecurityPolicy.m */ = {isa = PBXFileReference; fileEncoding = 4; lastKnownFileType = sourcecode.c.objc; path = AFSecurityPolicy.m; sourceTree = "<group>"; };
		AFACFB2F1A1BC37E0006405D /* AFURLConnectionOperation.h */ = {isa = PBXFileReference; fileEncoding = 4; lastKnownFileType = sourcecode.c.h; path = AFURLConnectionOperation.h; sourceTree = "<group>"; };
		AFACFB301A1BC37E0006405D /* AFURLConnectionOperation.m */ = {isa = PBXFileReference; fileEncoding = 4; lastKnownFileType = sourcecode.c.objc; path = AFURLConnectionOperation.m; sourceTree = "<group>"; };
		AFACFB311A1BC37E0006405D /* AFURLRequestSerialization.h */ = {isa = PBXFileReference; fileEncoding = 4; lastKnownFileType = sourcecode.c.h; path = AFURLRequestSerialization.h; sourceTree = "<group>"; };
		AFACFB321A1BC37E0006405D /* AFURLRequestSerialization.m */ = {isa = PBXFileReference; fileEncoding = 4; lastKnownFileType = sourcecode.c.objc; path = AFURLRequestSerialization.m; sourceTree = "<group>"; };
		AFACFB331A1BC37E0006405D /* AFURLResponseSerialization.h */ = {isa = PBXFileReference; fileEncoding = 4; lastKnownFileType = sourcecode.c.h; path = AFURLResponseSerialization.h; sourceTree = "<group>"; };
		AFACFB341A1BC37E0006405D /* AFURLResponseSerialization.m */ = {isa = PBXFileReference; fileEncoding = 4; lastKnownFileType = sourcecode.c.objc; path = AFURLResponseSerialization.m; sourceTree = "<group>"; };
		AFACFB351A1BC37E0006405D /* AFURLSessionManager.h */ = {isa = PBXFileReference; fileEncoding = 4; lastKnownFileType = sourcecode.c.h; path = AFURLSessionManager.h; sourceTree = "<group>"; };
		AFACFB361A1BC37E0006405D /* AFURLSessionManager.m */ = {isa = PBXFileReference; fileEncoding = 4; lastKnownFileType = sourcecode.c.objc; path = AFURLSessionManager.m; sourceTree = "<group>"; };
		AFACFB411A1BC38E0006405D /* JSONAPI.h */ = {isa = PBXFileReference; fileEncoding = 4; lastKnownFileType = sourcecode.c.h; path = JSONAPI.h; sourceTree = "<group>"; };
		AFACFB421A1BC38E0006405D /* JSONAPI.m */ = {isa = PBXFileReference; fileEncoding = 4; lastKnownFileType = sourcecode.c.objc; path = JSONAPI.m; sourceTree = "<group>"; };
		AFACFB431A1BC38E0006405D /* JSONAPIResource.h */ = {isa = PBXFileReference; fileEncoding = 4; lastKnownFileType = sourcecode.c.h; path = JSONAPIResource.h; sourceTree = "<group>"; };
		AFACFB441A1BC38E0006405D /* JSONAPIResource.m */ = {isa = PBXFileReference; fileEncoding = 4; lastKnownFileType = sourcecode.c.objc; path = JSONAPIResource.m; sourceTree = "<group>"; };
		AFACFB451A1BC38E0006405D /* JSONAPIResourceFormatter.h */ = {isa = PBXFileReference; fileEncoding = 4; lastKnownFileType = sourcecode.c.h; path = JSONAPIResourceFormatter.h; sourceTree = "<group>"; };
		AFACFB461A1BC38E0006405D /* JSONAPIResourceFormatter.m */ = {isa = PBXFileReference; fileEncoding = 4; lastKnownFileType = sourcecode.c.objc; path = JSONAPIResourceFormatter.m; sourceTree = "<group>"; };
		AFACFB471A1BC38E0006405D /* JSONAPIResourceLinker.h */ = {isa = PBXFileReference; fileEncoding = 4; lastKnownFileType = sourcecode.c.h; path = JSONAPIResourceLinker.h; sourceTree = "<group>"; };
		AFACFB481A1BC38E0006405D /* JSONAPIResourceLinker.m */ = {isa = PBXFileReference; fileEncoding = 4; lastKnownFileType = sourcecode.c.objc; path = JSONAPIResourceLinker.m; sourceTree = "<group>"; };
		AFACFB491A1BC38E0006405D /* JSONAPIResourceModeler.h */ = {isa = PBXFileReference; fileEncoding = 4; lastKnownFileType = sourcecode.c.h; path = JSONAPIResourceModeler.h; sourceTree = "<group>"; };
		AFACFB4A1A1BC38E0006405D /* JSONAPIResourceModeler.m */ = {isa = PBXFileReference; fileEncoding = 4; lastKnownFileType = sourcecode.c.objc; path = JSONAPIResourceModeler.m; sourceTree = "<group>"; };
		AFACFB501A1C17160006405D /* ProfileViewController.h */ = {isa = PBXFileReference; fileEncoding = 4; lastKnownFileType = sourcecode.c.h; path = ProfileViewController.h; sourceTree = "<group>"; };
		AFACFB511A1C17160006405D /* ProfileViewController.m */ = {isa = PBXFileReference; fileEncoding = 4; lastKnownFileType = sourcecode.c.objc; path = ProfileViewController.m; sourceTree = "<group>"; };
		AFACFB531A1C1ABE0006405D /* UserViewController.h */ = {isa = PBXFileReference; fileEncoding = 4; lastKnownFileType = sourcecode.c.h; path = UserViewController.h; sourceTree = "<group>"; };
		AFACFB541A1C1ABE0006405D /* UserViewController.m */ = {isa = PBXFileReference; fileEncoding = 4; lastKnownFileType = sourcecode.c.objc; path = UserViewController.m; sourceTree = "<group>"; };
		AFCCDF291A2BC0680029497C /* ConversationViewCell.h */ = {isa = PBXFileReference; fileEncoding = 4; lastKnownFileType = sourcecode.c.h; path = ConversationViewCell.h; sourceTree = "<group>"; };
		AFCCDF2A1A2BC0680029497C /* ConversationViewCell.m */ = {isa = PBXFileReference; fileEncoding = 4; lastKnownFileType = sourcecode.c.objc; path = ConversationViewCell.m; sourceTree = "<group>"; };
		AFEC71221A23D96700E1F46C /* InboxViewController.h */ = {isa = PBXFileReference; fileEncoding = 4; lastKnownFileType = sourcecode.c.h; path = InboxViewController.h; sourceTree = "<group>"; };
		AFEC71231A23D96700E1F46C /* InboxViewController.m */ = {isa = PBXFileReference; fileEncoding = 4; lastKnownFileType = sourcecode.c.objc; path = InboxViewController.m; sourceTree = "<group>"; };
		AFEC71251A23D98700E1F46C /* ConversationViewController.h */ = {isa = PBXFileReference; fileEncoding = 4; lastKnownFileType = sourcecode.c.h; path = ConversationViewController.h; sourceTree = "<group>"; };
		AFEC71261A23D98700E1F46C /* ConversationViewController.m */ = {isa = PBXFileReference; fileEncoding = 4; lastKnownFileType = sourcecode.c.objc; path = ConversationViewController.m; sourceTree = "<group>"; };
/* End PBXFileReference section */

/* Begin PBXFrameworksBuildPhase section */
		AFACFAF71A1BAEB50006405D /* Frameworks */ = {
			isa = PBXFrameworksBuildPhase;
			buildActionMask = 2147483647;
			files = (
			);
			runOnlyForDeploymentPostprocessing = 0;
		};
		AFACFB101A1BAEB60006405D /* Frameworks */ = {
			isa = PBXFrameworksBuildPhase;
			buildActionMask = 2147483647;
			files = (
			);
			runOnlyForDeploymentPostprocessing = 0;
		};
/* End PBXFrameworksBuildPhase section */

/* Begin PBXGroup section */
		AF28794D1A2152A400548C1F /* UIKit+AFNetworking */ = {
			isa = PBXGroup;
			children = (
				AF28794E1A2152A400548C1F /* AFNetworkActivityIndicatorManager.h */,
				AF28794F1A2152A400548C1F /* AFNetworkActivityIndicatorManager.m */,
				AF2879501A2152A400548C1F /* UIActivityIndicatorView+AFNetworking.h */,
				AF2879511A2152A400548C1F /* UIActivityIndicatorView+AFNetworking.m */,
				AF2879521A2152A400548C1F /* UIAlertView+AFNetworking.h */,
				AF2879531A2152A400548C1F /* UIAlertView+AFNetworking.m */,
				AF2879541A2152A400548C1F /* UIButton+AFNetworking.h */,
				AF2879551A2152A400548C1F /* UIButton+AFNetworking.m */,
				AF2879561A2152A400548C1F /* UIImageView+AFNetworking.h */,
				AF2879571A2152A400548C1F /* UIImageView+AFNetworking.m */,
				AF2879581A2152A400548C1F /* UIKit+AFNetworking.h */,
				AF2879591A2152A400548C1F /* UIProgressView+AFNetworking.h */,
				AF28795A1A2152A400548C1F /* UIProgressView+AFNetworking.m */,
				AF28795B1A2152A400548C1F /* UIRefreshControl+AFNetworking.h */,
				AF28795C1A2152A400548C1F /* UIRefreshControl+AFNetworking.m */,
				AF28795D1A2152A400548C1F /* UIWebView+AFNetworking.h */,
				AF28795E1A2152A400548C1F /* UIWebView+AFNetworking.m */,
			);
			path = "UIKit+AFNetworking";
			sourceTree = "<group>";
		};
		AFACFAF11A1BAEB50006405D = {
			isa = PBXGroup;
			children = (
				AFACFAFC1A1BAEB50006405D /* MERogers_Final */,
				AFACFB161A1BAEB60006405D /* MERogers_FinalTests */,
				AFACFAFB1A1BAEB50006405D /* Products */,
			);
			sourceTree = "<group>";
		};
		AFACFAFB1A1BAEB50006405D /* Products */ = {
			isa = PBXGroup;
			children = (
				AFACFAFA1A1BAEB50006405D /* MERogers_Final.app */,
				AFACFB131A1BAEB60006405D /* MERogers_FinalTests.xctest */,
			);
			name = Products;
			sourceTree = "<group>";
		};
		AFACFAFC1A1BAEB50006405D /* MERogers_Final */ = {
			isa = PBXGroup;
			children = (
				AFA6B0781A291EC900026610 /* creme_brelee.jpg */,
				AF28794D1A2152A400548C1F /* UIKit+AFNetworking */,
				AFACFB401A1BC38E0006405D /* Classes */,
				AFACFB231A1BC37E0006405D /* AFNetworking */,
				AFACFB011A1BAEB50006405D /* AppDelegate.h */,
				AFACFB021A1BAEB50006405D /* AppDelegate.m */,
				AFACFB041A1BAEB50006405D /* ViewController.h */,
				AFACFB051A1BAEB50006405D /* ViewController.m */,
				AFACFB071A1BAEB50006405D /* Main.storyboard */,
				AF7F0C281A2BCF0D00455F68 /* ThemChatCell.h */,
				AF7F0C291A2BCF0D00455F68 /* ThemChatCell.m */,
				AF7F0C2B1A2BCF2E00455F68 /* YouChatCell.h */,
				AF7F0C2C1A2BCF2E00455F68 /* YouChatCell.m */,
				AFCCDF291A2BC0680029497C /* ConversationViewCell.h */,
				AFCCDF2A1A2BC0680029497C /* ConversationViewCell.m */,
				AFEC71251A23D98700E1F46C /* ConversationViewController.h */,
				AFEC71261A23D98700E1F46C /* ConversationViewController.m */,
				AF7F0C2E1A2C076D00455F68 /* ChatCell.h */,
				AF7F0C2F1A2C076D00455F68 /* ChatCell.m */,
				AFEC71221A23D96700E1F46C /* InboxViewController.h */,
				AFEC71231A23D96700E1F46C /* InboxViewController.m */,
				AFACFB531A1C1ABE0006405D /* UserViewController.h */,
				AFACFB541A1C1ABE0006405D /* UserViewController.m */,
				AFACFB501A1C17160006405D /* ProfileViewController.h */,
				AFACFB511A1C17160006405D /* ProfileViewController.m */,
				AFACFB0A1A1BAEB50006405D /* Images.xcassets */,
				AFACFB0C1A1BAEB50006405D /* LaunchScreen.xib */,
				AFACFAFD1A1BAEB50006405D /* Supporting Files */,
			);
			path = MERogers_Final;
			sourceTree = "<group>";
		};
		AFACFAFD1A1BAEB50006405D /* Supporting Files */ = {
			isa = PBXGroup;
			children = (
				AFACFAFE1A1BAEB50006405D /* Info.plist */,
				AFACFAFF1A1BAEB50006405D /* main.m */,
			);
			name = "Supporting Files";
			sourceTree = "<group>";
		};
		AFACFB161A1BAEB60006405D /* MERogers_FinalTests */ = {
			isa = PBXGroup;
			children = (
				AFACFB191A1BAEB60006405D /* MERogers_FinalTests.m */,
				AFACFB171A1BAEB60006405D /* Supporting Files */,
			);
			path = MERogers_FinalTests;
			sourceTree = "<group>";
		};
		AFACFB171A1BAEB60006405D /* Supporting Files */ = {
			isa = PBXGroup;
			children = (
				AFACFB181A1BAEB60006405D /* Info.plist */,
			);
			name = "Supporting Files";
			sourceTree = "<group>";
		};
		AFACFB231A1BC37E0006405D /* AFNetworking */ = {
			isa = PBXGroup;
			children = (
				AFACFB241A1BC37E0006405D /* AFHTTPRequestOperation.h */,
				AFACFB251A1BC37E0006405D /* AFHTTPRequestOperation.m */,
				AFACFB261A1BC37E0006405D /* AFHTTPRequestOperationManager.h */,
				AFACFB271A1BC37E0006405D /* AFHTTPRequestOperationManager.m */,
				AFACFB281A1BC37E0006405D /* AFHTTPSessionManager.h */,
				AFACFB291A1BC37E0006405D /* AFHTTPSessionManager.m */,
				AFACFB2A1A1BC37E0006405D /* AFNetworking.h */,
				AFACFB2B1A1BC37E0006405D /* AFNetworkReachabilityManager.h */,
				AFACFB2C1A1BC37E0006405D /* AFNetworkReachabilityManager.m */,
				AFACFB2D1A1BC37E0006405D /* AFSecurityPolicy.h */,
				AFACFB2E1A1BC37E0006405D /* AFSecurityPolicy.m */,
				AFACFB2F1A1BC37E0006405D /* AFURLConnectionOperation.h */,
				AFACFB301A1BC37E0006405D /* AFURLConnectionOperation.m */,
				AFACFB311A1BC37E0006405D /* AFURLRequestSerialization.h */,
				AFACFB321A1BC37E0006405D /* AFURLRequestSerialization.m */,
				AFACFB331A1BC37E0006405D /* AFURLResponseSerialization.h */,
				AFACFB341A1BC37E0006405D /* AFURLResponseSerialization.m */,
				AFACFB351A1BC37E0006405D /* AFURLSessionManager.h */,
				AFACFB361A1BC37E0006405D /* AFURLSessionManager.m */,
			);
			path = AFNetworking;
			sourceTree = "<group>";
		};
		AFACFB401A1BC38E0006405D /* Classes */ = {
			isa = PBXGroup;
			children = (
				AFACFB411A1BC38E0006405D /* JSONAPI.h */,
				AFACFB421A1BC38E0006405D /* JSONAPI.m */,
				AFACFB431A1BC38E0006405D /* JSONAPIResource.h */,
				AFACFB441A1BC38E0006405D /* JSONAPIResource.m */,
				AFACFB451A1BC38E0006405D /* JSONAPIResourceFormatter.h */,
				AFACFB461A1BC38E0006405D /* JSONAPIResourceFormatter.m */,
				AFACFB471A1BC38E0006405D /* JSONAPIResourceLinker.h */,
				AFACFB481A1BC38E0006405D /* JSONAPIResourceLinker.m */,
				AFACFB491A1BC38E0006405D /* JSONAPIResourceModeler.h */,
				AFACFB4A1A1BC38E0006405D /* JSONAPIResourceModeler.m */,
			);
			path = Classes;
			sourceTree = "<group>";
		};
/* End PBXGroup section */

/* Begin PBXNativeTarget section */
		AFACFAF91A1BAEB50006405D /* MERogers_Final */ = {
			isa = PBXNativeTarget;
			buildConfigurationList = AFACFB1D1A1BAEB60006405D /* Build configuration list for PBXNativeTarget "MERogers_Final" */;
			buildPhases = (
				AFACFAF61A1BAEB50006405D /* Sources */,
				AFACFAF71A1BAEB50006405D /* Frameworks */,
				AFACFAF81A1BAEB50006405D /* Resources */,
			);
			buildRules = (
			);
			dependencies = (
			);
			name = MERogers_Final;
			productName = MERogers_Final;
			productReference = AFACFAFA1A1BAEB50006405D /* MERogers_Final.app */;
			productType = "com.apple.product-type.application";
		};
		AFACFB121A1BAEB60006405D /* MERogers_FinalTests */ = {
			isa = PBXNativeTarget;
			buildConfigurationList = AFACFB201A1BAEB60006405D /* Build configuration list for PBXNativeTarget "MERogers_FinalTests" */;
			buildPhases = (
				AFACFB0F1A1BAEB60006405D /* Sources */,
				AFACFB101A1BAEB60006405D /* Frameworks */,
				AFACFB111A1BAEB60006405D /* Resources */,
			);
			buildRules = (
			);
			dependencies = (
				AFACFB151A1BAEB60006405D /* PBXTargetDependency */,
			);
			name = MERogers_FinalTests;
			productName = MERogers_FinalTests;
			productReference = AFACFB131A1BAEB60006405D /* MERogers_FinalTests.xctest */;
			productType = "com.apple.product-type.bundle.unit-test";
		};
/* End PBXNativeTarget section */

/* Begin PBXProject section */
		AFACFAF21A1BAEB50006405D /* Project object */ = {
			isa = PBXProject;
			attributes = {
				LastUpgradeCheck = 0610;
				ORGANIZATIONNAME = "Max Rogers";
				TargetAttributes = {
					AFACFAF91A1BAEB50006405D = {
						CreatedOnToolsVersion = 6.1;
					};
					AFACFB121A1BAEB60006405D = {
						CreatedOnToolsVersion = 6.1;
						TestTargetID = AFACFAF91A1BAEB50006405D;
					};
				};
			};
			buildConfigurationList = AFACFAF51A1BAEB50006405D /* Build configuration list for PBXProject "MERogers_Final" */;
			compatibilityVersion = "Xcode 3.2";
			developmentRegion = English;
			hasScannedForEncodings = 0;
			knownRegions = (
				en,
				Base,
			);
			mainGroup = AFACFAF11A1BAEB50006405D;
			productRefGroup = AFACFAFB1A1BAEB50006405D /* Products */;
			projectDirPath = "";
			projectRoot = "";
			targets = (
				AFACFAF91A1BAEB50006405D /* MERogers_Final */,
				AFACFB121A1BAEB60006405D /* MERogers_FinalTests */,
			);
		};
/* End PBXProject section */

/* Begin PBXResourcesBuildPhase section */
		AFACFAF81A1BAEB50006405D /* Resources */ = {
			isa = PBXResourcesBuildPhase;
			buildActionMask = 2147483647;
			files = (
				AFACFB091A1BAEB50006405D /* Main.storyboard in Resources */,
				AFA6B0791A291ECA00026610 /* creme_brelee.jpg in Resources */,
				AFACFB0E1A1BAEB50006405D /* LaunchScreen.xib in Resources */,
				AFACFB0B1A1BAEB50006405D /* Images.xcassets in Resources */,
			);
			runOnlyForDeploymentPostprocessing = 0;
		};
		AFACFB111A1BAEB60006405D /* Resources */ = {
			isa = PBXResourcesBuildPhase;
			buildActionMask = 2147483647;
			files = (
			);
			runOnlyForDeploymentPostprocessing = 0;
		};
/* End PBXResourcesBuildPhase section */

/* Begin PBXSourcesBuildPhase section */
		AFACFAF61A1BAEB50006405D /* Sources */ = {
			isa = PBXSourcesBuildPhase;
			buildActionMask = 2147483647;
			files = (
				AFACFB551A1C1ABE0006405D /* UserViewController.m in Sources */,
				AFACFB371A1BC37E0006405D /* AFHTTPRequestOperation.m in Sources */,
				AFACFB061A1BAEB50006405D /* ViewController.m in Sources */,
				AFACFB381A1BC37E0006405D /* AFHTTPRequestOperationManager.m in Sources */,
				AF2879641A2152A400548C1F /* UIProgressView+AFNetworking.m in Sources */,
				AF7F0C2D1A2BCF2E00455F68 /* YouChatCell.m in Sources */,
				AF2879611A2152A400548C1F /* UIAlertView+AFNetworking.m in Sources */,
				AF28795F1A2152A400548C1F /* AFNetworkActivityIndicatorManager.m in Sources */,
				AFACFB4E1A1BC38E0006405D /* JSONAPIResourceLinker.m in Sources */,
				AF2879621A2152A400548C1F /* UIButton+AFNetworking.m in Sources */,
				AF2879601A2152A400548C1F /* UIActivityIndicatorView+AFNetworking.m in Sources */,
				AFACFB4D1A1BC38E0006405D /* JSONAPIResourceFormatter.m in Sources */,
				AF2879661A2152A400548C1F /* UIWebView+AFNetworking.m in Sources */,
				AF7F0C2A1A2BCF0D00455F68 /* ThemChatCell.m in Sources */,
				AFACFB3A1A1BC37E0006405D /* AFNetworkReachabilityManager.m in Sources */,
				AFCCDF2B1A2BC0680029497C /* ConversationViewCell.m in Sources */,
				AFACFB3E1A1BC37E0006405D /* AFURLResponseSerialization.m in Sources */,
				AFACFB3C1A1BC37E0006405D /* AFURLConnectionOperation.m in Sources */,
				AFACFB3B1A1BC37E0006405D /* AFSecurityPolicy.m in Sources */,
				AFACFB4B1A1BC38E0006405D /* JSONAPI.m in Sources */,
				AFACFB521A1C17160006405D /* ProfileViewController.m in Sources */,
				AFACFB4F1A1BC38E0006405D /* JSONAPIResourceModeler.m in Sources */,
				AFACFB4C1A1BC38E0006405D /* JSONAPIResource.m in Sources */,
				AFACFB391A1BC37E0006405D /* AFHTTPSessionManager.m in Sources */,
				AFEC71271A23D98700E1F46C /* ConversationViewController.m in Sources */,
				AF2879651A2152A400548C1F /* UIRefreshControl+AFNetworking.m in Sources */,
				AF2879631A2152A400548C1F /* UIImageView+AFNetworking.m in Sources */,
				AF7F0C301A2C076D00455F68 /* ChatCell.m in Sources */,
				AFACFB3D1A1BC37E0006405D /* AFURLRequestSerialization.m in Sources */,
				AFACFB3F1A1BC37E0006405D /* AFURLSessionManager.m in Sources */,
				AFACFB031A1BAEB50006405D /* AppDelegate.m in Sources */,
				AFACFB001A1BAEB50006405D /* main.m in Sources */,
				AFEC71241A23D96700E1F46C /* InboxViewController.m in Sources */,
			);
			runOnlyForDeploymentPostprocessing = 0;
		};
		AFACFB0F1A1BAEB60006405D /* Sources */ = {
			isa = PBXSourcesBuildPhase;
			buildActionMask = 2147483647;
			files = (
				AFACFB1A1A1BAEB60006405D /* MERogers_FinalTests.m in Sources */,
			);
			runOnlyForDeploymentPostprocessing = 0;
		};
/* End PBXSourcesBuildPhase section */

/* Begin PBXTargetDependency section */
		AFACFB151A1BAEB60006405D /* PBXTargetDependency */ = {
			isa = PBXTargetDependency;
			target = AFACFAF91A1BAEB50006405D /* MERogers_Final */;
			targetProxy = AFACFB141A1BAEB60006405D /* PBXContainerItemProxy */;
		};
/* End PBXTargetDependency section */

/* Begin PBXVariantGroup section */
		AFACFB071A1BAEB50006405D /* Main.storyboard */ = {
			isa = PBXVariantGroup;
			children = (
				AFACFB081A1BAEB50006405D /* Base */,
			);
			name = Main.storyboard;
			sourceTree = "<group>";
		};
		AFACFB0C1A1BAEB50006405D /* LaunchScreen.xib */ = {
			isa = PBXVariantGroup;
			children = (
				AFACFB0D1A1BAEB50006405D /* Base */,
			);
			name = LaunchScreen.xib;
			sourceTree = "<group>";
		};
/* End PBXVariantGroup section */

/* Begin XCBuildConfiguration section */
		AFACFB1B1A1BAEB60006405D /* Debug */ = {
			isa = XCBuildConfiguration;
			buildSettings = {
				ALWAYS_SEARCH_USER_PATHS = NO;
				CLANG_CXX_LANGUAGE_STANDARD = "gnu++0x";
				CLANG_CXX_LIBRARY = "libc++";
				CLANG_ENABLE_MODULES = YES;
				CLANG_ENABLE_OBJC_ARC = YES;
				CLANG_WARN_BOOL_CONVERSION = YES;
				CLANG_WARN_CONSTANT_CONVERSION = YES;
				CLANG_WARN_DIRECT_OBJC_ISA_USAGE = YES_ERROR;
				CLANG_WARN_EMPTY_BODY = YES;
				CLANG_WARN_ENUM_CONVERSION = YES;
				CLANG_WARN_INT_CONVERSION = YES;
				CLANG_WARN_OBJC_ROOT_CLASS = YES_ERROR;
				CLANG_WARN_UNREACHABLE_CODE = YES;
				CLANG_WARN__DUPLICATE_METHOD_MATCH = YES;
				"CODE_SIGN_IDENTITY[sdk=iphoneos*]" = "iPhone Developer";
				COPY_PHASE_STRIP = NO;
				ENABLE_STRICT_OBJC_MSGSEND = YES;
				GCC_C_LANGUAGE_STANDARD = gnu99;
				GCC_DYNAMIC_NO_PIC = NO;
				GCC_OPTIMIZATION_LEVEL = 0;
				GCC_PREPROCESSOR_DEFINITIONS = (
					"DEBUG=1",
					"$(inherited)",
				);
				GCC_SYMBOLS_PRIVATE_EXTERN = NO;
				GCC_WARN_64_TO_32_BIT_CONVERSION = YES;
				GCC_WARN_ABOUT_RETURN_TYPE = YES_ERROR;
				GCC_WARN_UNDECLARED_SELECTOR = YES;
				GCC_WARN_UNINITIALIZED_AUTOS = YES_AGGRESSIVE;
				GCC_WARN_UNUSED_FUNCTION = YES;
				GCC_WARN_UNUSED_VARIABLE = YES;
				IPHONEOS_DEPLOYMENT_TARGET = 8.1;
				MTL_ENABLE_DEBUG_INFO = YES;
				ONLY_ACTIVE_ARCH = YES;
				SDKROOT = iphoneos;
			};
			name = Debug;
		};
		AFACFB1C1A1BAEB60006405D /* Release */ = {
			isa = XCBuildConfiguration;
			buildSettings = {
				ALWAYS_SEARCH_USER_PATHS = NO;
				CLANG_CXX_LANGUAGE_STANDARD = "gnu++0x";
				CLANG_CXX_LIBRARY = "libc++";
				CLANG_ENABLE_MODULES = YES;
				CLANG_ENABLE_OBJC_ARC = YES;
				CLANG_WARN_BOOL_CONVERSION = YES;
				CLANG_WARN_CONSTANT_CONVERSION = YES;
				CLANG_WARN_DIRECT_OBJC_ISA_USAGE = YES_ERROR;
				CLANG_WARN_EMPTY_BODY = YES;
				CLANG_WARN_ENUM_CONVERSION = YES;
				CLANG_WARN_INT_CONVERSION = YES;
				CLANG_WARN_OBJC_ROOT_CLASS = YES_ERROR;
				CLANG_WARN_UNREACHABLE_CODE = YES;
				CLANG_WARN__DUPLICATE_METHOD_MATCH = YES;
				"CODE_SIGN_IDENTITY[sdk=iphoneos*]" = "iPhone Developer";
				COPY_PHASE_STRIP = YES;
				ENABLE_NS_ASSERTIONS = NO;
				ENABLE_STRICT_OBJC_MSGSEND = YES;
				GCC_C_LANGUAGE_STANDARD = gnu99;
				GCC_WARN_64_TO_32_BIT_CONVERSION = YES;
				GCC_WARN_ABOUT_RETURN_TYPE = YES_ERROR;
				GCC_WARN_UNDECLARED_SELECTOR = YES;
				GCC_WARN_UNINITIALIZED_AUTOS = YES_AGGRESSIVE;
				GCC_WARN_UNUSED_FUNCTION = YES;
				GCC_WARN_UNUSED_VARIABLE = YES;
				IPHONEOS_DEPLOYMENT_TARGET = 8.1;
				MTL_ENABLE_DEBUG_INFO = NO;
				SDKROOT = iphoneos;
				VALIDATE_PRODUCT = YES;
			};
			name = Release;
		};
		AFACFB1E1A1BAEB60006405D /* Debug */ = {
			isa = XCBuildConfiguration;
			buildSettings = {
				ASSETCATALOG_COMPILER_APPICON_NAME = AppIcon;
				INFOPLIST_FILE = MERogers_Final/Info.plist;
				IPHONEOS_DEPLOYMENT_TARGET = 7.1;
				LD_RUNPATH_SEARCH_PATHS = "$(inherited) @executable_path/Frameworks";
				PRODUCT_NAME = "$(TARGET_NAME)";
			};
			name = Debug;
		};
		AFACFB1F1A1BAEB60006405D /* Release */ = {
			isa = XCBuildConfiguration;
			buildSettings = {
				ASSETCATALOG_COMPILER_APPICON_NAME = AppIcon;
				INFOPLIST_FILE = MERogers_Final/Info.plist;
				IPHONEOS_DEPLOYMENT_TARGET = 7.1;
				LD_RUNPATH_SEARCH_PATHS = "$(inherited) @executable_path/Frameworks";
				PRODUCT_NAME = "$(TARGET_NAME)";
			};
			name = Release;
		};
		AFACFB211A1BAEB60006405D /* Debug */ = {
			isa = XCBuildConfiguration;
			buildSettings = {
				BUNDLE_LOADER = "$(TEST_HOST)";
				FRAMEWORK_SEARCH_PATHS = (
					"$(SDKROOT)/Developer/Library/Frameworks",
					"$(inherited)",
				);
				GCC_PREPROCESSOR_DEFINITIONS = (
					"DEBUG=1",
					"$(inherited)",
				);
				INFOPLIST_FILE = MERogers_FinalTests/Info.plist;
				LD_RUNPATH_SEARCH_PATHS = "$(inherited) @executable_path/Frameworks @loader_path/Frameworks";
				PRODUCT_NAME = "$(TARGET_NAME)";
				TEST_HOST = "$(BUILT_PRODUCTS_DIR)/MERogers_Final.app/MERogers_Final";
			};
			name = Debug;
		};
		AFACFB221A1BAEB60006405D /* Release */ = {
			isa = XCBuildConfiguration;
			buildSettings = {
				BUNDLE_LOADER = "$(TEST_HOST)";
				FRAMEWORK_SEARCH_PATHS = (
					"$(SDKROOT)/Developer/Library/Frameworks",
					"$(inherited)",
				);
				INFOPLIST_FILE = MERogers_FinalTests/Info.plist;
				LD_RUNPATH_SEARCH_PATHS = "$(inherited) @executable_path/Frameworks @loader_path/Frameworks";
				PRODUCT_NAME = "$(TARGET_NAME)";
				TEST_HOST = "$(BUILT_PRODUCTS_DIR)/MERogers_Final.app/MERogers_Final";
			};
			name = Release;
		};
/* End XCBuildConfiguration section */

/* Begin XCConfigurationList section */
		AFACFAF51A1BAEB50006405D /* Build configuration list for PBXProject "MERogers_Final" */ = {
			isa = XCConfigurationList;
			buildConfigurations = (
				AFACFB1B1A1BAEB60006405D /* Debug */,
				AFACFB1C1A1BAEB60006405D /* Release */,
			);
			defaultConfigurationIsVisible = 0;
			defaultConfigurationName = Release;
		};
		AFACFB1D1A1BAEB60006405D /* Build configuration list for PBXNativeTarget "MERogers_Final" */ = {
			isa = XCConfigurationList;
			buildConfigurations = (
				AFACFB1E1A1BAEB60006405D /* Debug */,
				AFACFB1F1A1BAEB60006405D /* Release */,
			);
			defaultConfigurationIsVisible = 0;
			defaultConfigurationName = Release;
		};
		AFACFB201A1BAEB60006405D /* Build configuration list for PBXNativeTarget "MERogers_FinalTests" */ = {
			isa = XCConfigurationList;
			buildConfigurations = (
				AFACFB211A1BAEB60006405D /* Debug */,
				AFACFB221A1BAEB60006405D /* Release */,
			);
			defaultConfigurationIsVisible = 0;
			defaultConfigurationName = Release;
		};
/* End XCConfigurationList section */
	};
	rootObject = AFACFAF21A1BAEB50006405D /* Project object */;
}
