// !$*UTF8*$!
{
	archiveVersion = 1;
	classes = {
	};
	objectVersion = 46;
	objects = {

/* Begin PBXBuildFile section */
		AFACFB001A1BAEB50006405D /* main.m in Sources */ = {isa = PBXBuildFile; fileRef = AFACFAFF1A1BAEB50006405D /* main.m */; };
		AFACFB031A1BAEB50006405D /* AppDelegate.m in Sources */ = {isa = PBXBuildFile; fileRef = AFACFB021A1BAEB50006405D /* AppDelegate.m */; };
		AFACFB061A1BAEB50006405D /* ViewController.m in Sources */ = {isa = PBXBuildFile; fileRef = AFACFB051A1BAEB50006405D /* ViewController.m */; };
		AFACFB091A1BAEB50006405D /* Main.storyboard in Resources */ = {isa = PBXBuildFile; fileRef = AFACFB071A1BAEB50006405D /* Main.storyboard */; };
		AFACFB0B1A1BAEB50006405D /* Images.xcassets in Resources */ = {isa = PBXBuildFile; fileRef = AFACFB0A1A1BAEB50006405D /* Images.xcassets */; };
		AFACFB0E1A1BAEB50006405D /* LaunchScreen.xib in Resources */ = {isa = PBXBuildFile; fileRef = AFACFB0C1A1BAEB50006405D /* LaunchScreen.xib */; };
		AFACFB1A1A1BAEB60006405D /* MERogers_FinalTests.m in Sources */ = {isa = PBXBuildFile; fileRef = AFACFB191A1BAEB60006405D /* MERogers_FinalTests.m */; };
/* End PBXBuildFile section */

/* Begin PBXContainerItemProxy section */
		AFACFB141A1BAEB60006405D /* PBXContainerItemProxy */ = {
			isa = PBXContainerItemProxy;
			containerPortal = AFACFAF21A1BAEB50006405D /* Project object */;
			proxyType = 1;
			remoteGlobalIDString = AFACFAF91A1BAEB50006405D;
			remoteInfo = MERogers_Final;
		};
/* End PBXContainerItemProxy section */

/* Begin PBXFileReference section */
		AFACFAFA1A1BAEB50006405D /* MERogers_Final.app */ = {isa = PBXFileReference; explicitFileType = wrapper.application; includeInIndex = 0; path = MERogers_Final.app; sourceTree = BUILT_PRODUCTS_DIR; };
		AFACFAFE1A1BAEB50006405D /* Info.plist */ = {isa = PBXFileReference; lastKnownFileType = text.plist.xml; path = Info.plist; sourceTree = "<group>"; };
		AFACFAFF1A1BAEB50006405D /* main.m */ = {isa = PBXFileReference; lastKnownFileType = sourcecode.c.objc; path = main.m; sourceTree = "<group>"; };
		AFACFB011A1BAEB50006405D /* AppDelegate.h */ = {isa = PBXFileReference; lastKnownFileType = sourcecode.c.h; path = AppDelegate.h; sourceTree = "<group>"; };
		AFACFB021A1BAEB50006405D /* AppDelegate.m */ = {isa = PBXFileReference; lastKnownFileType = sourcecode.c.objc; path = AppDelegate.m; sourceTree = "<group>"; };
		AFACFB041A1BAEB50006405D /* ViewController.h */ = {isa = PBXFileReference; lastKnownFileType = sourcecode.c.h; path = ViewController.h; sourceTree = "<group>"; };
		AFACFB051A1BAEB50006405D /* ViewController.m */ = {isa = PBXFileReference; lastKnownFileType = sourcecode.c.objc; path = ViewController.m; sourceTree = "<group>"; };
		AFACFB081A1BAEB50006405D /* Base */ = {isa = PBXFileReference; lastKnownFileType = file.storyboard; name = Base; path = Base.lproj/Main.storyboard; sourceTree = "<group>"; };
		AFACFB0A1A1BAEB50006405D /* Images.xcassets */ = {isa = PBXFileReference; lastKnownFileType = folder.assetcatalog; path = Images.xcassets; sourceTree = "<group>"; };
		AFACFB0D1A1BAEB50006405D /* Base */ = {isa = PBXFileReference; lastKnownFileType = file.xib; name = Base; path = Base.lproj/LaunchScreen.xib; sourceTree = "<group>"; };
		AFACFB131A1BAEB60006405D /* MERogers_FinalTests.xctest */ = {isa = PBXFileReference; explicitFileType = wrapper.cfbundle; includeInIndex = 0; path = MERogers_FinalTests.xctest; sourceTree = BUILT_PRODUCTS_DIR; };
		AFACFB181A1BAEB60006405D /* Info.plist */ = {isa = PBXFileReference; lastKnownFileType = text.plist.xml; path = Info.plist; sourceTree = "<group>"; };
		AFACFB191A1BAEB60006405D /* MERogers_FinalTests.m */ = {isa = PBXFileReference; lastKnownFileType = sourcecode.c.objc; path = MERogers_FinalTests.m; sourceTree = "<group>"; };
/* End PBXFileReference section */

/* Begin PBXFrameworksBuildPhase section */
		AFACFAF71A1BAEB50006405D /* Frameworks */ = {
			isa = PBXFrameworksBuildPhase;
			buildActionMask = 2147483647;
			files = (
			);
			runOnlyForDeploymentPostprocessing = 0;
		};
		AFACFB101A1BAEB60006405D /* Frameworks */ = {
			isa = PBXFrameworksBuildPhase;
			buildActionMask = 2147483647;
			files = (
			);
			runOnlyForDeploymentPostprocessing = 0;
		};
/* End PBXFrameworksBuildPhase section */

/* Begin PBXGroup section */
		AFACFAF11A1BAEB50006405D = {
			isa = PBXGroup;
			children = (
				AFACFAFC1A1BAEB50006405D /* MERogers_Final */,
				AFACFB161A1BAEB60006405D /* MERogers_FinalTests */,
				AFACFAFB1A1BAEB50006405D /* Products */,
			);
			sourceTree = "<group>";
		};
		AFACFAFB1A1BAEB50006405D /* Products */ = {
			isa = PBXGroup;
			children = (
				AFACFAFA1A1BAEB50006405D /* MERogers_Final.app */,
				AFACFB131A1BAEB60006405D /* MERogers_FinalTests.xctest */,
			);
			name = Products;
			sourceTree = "<group>";
		};
		AFACFAFC1A1BAEB50006405D /* MERogers_Final */ = {
			isa = PBXGroup;
			children = (
				AFACFB011A1BAEB50006405D /* AppDelegate.h */,
				AFACFB021A1BAEB50006405D /* AppDelegate.m */,
				AFACFB041A1BAEB50006405D /* ViewController.h */,
				AFACFB051A1BAEB50006405D /* ViewController.m */,
				AFACFB071A1BAEB50006405D /* Main.storyboard */,
				AFACFB0A1A1BAEB50006405D /* Images.xcassets */,
				AFACFB0C1A1BAEB50006405D /* LaunchScreen.xib */,
				AFACFAFD1A1BAEB50006405D /* Supporting Files */,
			);
			path = MERogers_Final;
			sourceTree = "<group>";
		};
		AFACFAFD1A1BAEB50006405D /* Supporting Files */ = {
			isa = PBXGroup;
			children = (
				AFACFAFE1A1BAEB50006405D /* Info.plist */,
				AFACFAFF1A1BAEB50006405D /* main.m */,
			);
			name = "Supporting Files";
			sourceTree = "<group>";
		};
		AFACFB161A1BAEB60006405D /* MERogers_FinalTests */ = {
			isa = PBXGroup;
			children = (
				AFACFB191A1BAEB60006405D /* MERogers_FinalTests.m */,
				AFACFB171A1BAEB60006405D /* Supporting Files */,
			);
			path = MERogers_FinalTests;
			sourceTree = "<group>";
		};
		AFACFB171A1BAEB60006405D /* Supporting Files */ = {
			isa = PBXGroup;
			children = (
				AFACFB181A1BAEB60006405D /* Info.plist */,
			);
			name = "Supporting Files";
			sourceTree = "<group>";
		};
/* End PBXGroup section */

/* Begin PBXNativeTarget section */
		AFACFAF91A1BAEB50006405D /* MERogers_Final */ = {
			isa = PBXNativeTarget;
			buildConfigurationList = AFACFB1D1A1BAEB60006405D /* Build configuration list for PBXNativeTarget "MERogers_Final" */;
			buildPhases = (
				AFACFAF61A1BAEB50006405D /* Sources */,
				AFACFAF71A1BAEB50006405D /* Frameworks */,
				AFACFAF81A1BAEB50006405D /* Resources */,
			);
			buildRules = (
			);
			dependencies = (
			);
			name = MERogers_Final;
			productName = MERogers_Final;
			productReference = AFACFAFA1A1BAEB50006405D /* MERogers_Final.app */;
			productType = "com.apple.product-type.application";
		};
		AFACFB121A1BAEB60006405D /* MERogers_FinalTests */ = {
			isa = PBXNativeTarget;
			buildConfigurationList = AFACFB201A1BAEB60006405D /* Build configuration list for PBXNativeTarget "MERogers_FinalTests" */;
			buildPhases = (
				AFACFB0F1A1BAEB60006405D /* Sources */,
				AFACFB101A1BAEB60006405D /* Frameworks */,
				AFACFB111A1BAEB60006405D /* Resources */,
			);
			buildRules = (
			);
			dependencies = (
				AFACFB151A1BAEB60006405D /* PBXTargetDependency */,
			);
			name = MERogers_FinalTests;
			productName = MERogers_FinalTests;
			productReference = AFACFB131A1BAEB60006405D /* MERogers_FinalTests.xctest */;
			productType = "com.apple.product-type.bundle.unit-test";
		};
/* End PBXNativeTarget section */

/* Begin PBXProject section */
		AFACFAF21A1BAEB50006405D /* Project object */ = {
			isa = PBXProject;
			attributes = {
				LastUpgradeCheck = 0610;
				ORGANIZATIONNAME = "Max Rogers";
				TargetAttributes = {
					AFACFAF91A1BAEB50006405D = {
						CreatedOnToolsVersion = 6.1;
					};
					AFACFB121A1BAEB60006405D = {
						CreatedOnToolsVersion = 6.1;
						TestTargetID = AFACFAF91A1BAEB50006405D;
					};
				};
			};
			buildConfigurationList = AFACFAF51A1BAEB50006405D /* Build configuration list for PBXProject "MERogers_Final" */;
			compatibilityVersion = "Xcode 3.2";
			developmentRegion = English;
			hasScannedForEncodings = 0;
			knownRegions = (
				en,
				Base,
			);
			mainGroup = AFACFAF11A1BAEB50006405D;
			productRefGroup = AFACFAFB1A1BAEB50006405D /* Products */;
			projectDirPath = "";
			projectRoot = "";
			targets = (
				AFACFAF91A1BAEB50006405D /* MERogers_Final */,
				AFACFB121A1BAEB60006405D /* MERogers_FinalTests */,
			);
		};
/* End PBXProject section */

/* Begin PBXResourcesBuildPhase section */
		AFACFAF81A1BAEB50006405D /* Resources */ = {
			isa = PBXResourcesBuildPhase;
			buildActionMask = 2147483647;
			files = (
				AFACFB091A1BAEB50006405D /* Main.storyboard in Resources */,
				AFACFB0E1A1BAEB50006405D /* LaunchScreen.xib in Resources */,
				AFACFB0B1A1BAEB50006405D /* Images.xcassets in Resources */,
			);
			runOnlyForDeploymentPostprocessing = 0;
		};
		AFACFB111A1BAEB60006405D /* Resources */ = {
			isa = PBXResourcesBuildPhase;
			buildActionMask = 2147483647;
			files = (
			);
			runOnlyForDeploymentPostprocessing = 0;
		};
/* End PBXResourcesBuildPhase section */

/* Begin PBXSourcesBuildPhase section */
		AFACFAF61A1BAEB50006405D /* Sources */ = {
			isa = PBXSourcesBuildPhase;
			buildActionMask = 2147483647;
			files = (
				AFACFB061A1BAEB50006405D /* ViewController.m in Sources */,
				AFACFB031A1BAEB50006405D /* AppDelegate.m in Sources */,
				AFACFB001A1BAEB50006405D /* main.m in Sources */,
			);
			runOnlyForDeploymentPostprocessing = 0;
		};
		AFACFB0F1A1BAEB60006405D /* Sources */ = {
			isa = PBXSourcesBuildPhase;
			buildActionMask = 2147483647;
			files = (
				AFACFB1A1A1BAEB60006405D /* MERogers_FinalTests.m in Sources */,
			);
			runOnlyForDeploymentPostprocessing = 0;
		};
/* End PBXSourcesBuildPhase section */

/* Begin PBXTargetDependency section */
		AFACFB151A1BAEB60006405D /* PBXTargetDependency */ = {
			isa = PBXTargetDependency;
			target = AFACFAF91A1BAEB50006405D /* MERogers_Final */;
			targetProxy = AFACFB141A1BAEB60006405D /* PBXContainerItemProxy */;
		};
/* End PBXTargetDependency section */

/* Begin PBXVariantGroup section */
		AFACFB071A1BAEB50006405D /* Main.storyboard */ = {
			isa = PBXVariantGroup;
			children = (
				AFACFB081A1BAEB50006405D /* Base */,
			);
			name = Main.storyboard;
			sourceTree = "<group>";
		};
		AFACFB0C1A1BAEB50006405D /* LaunchScreen.xib */ = {
			isa = PBXVariantGroup;
			children = (
				AFACFB0D1A1BAEB50006405D /* Base */,
			);
			name = LaunchScreen.xib;
			sourceTree = "<group>";
		};
/* End PBXVariantGroup section */

/* Begin XCBuildConfiguration section */
		AFACFB1B1A1BAEB60006405D /* Debug */ = {
			isa = XCBuildConfiguration;
			buildSettings = {
				ALWAYS_SEARCH_USER_PATHS = NO;
				CLANG_CXX_LANGUAGE_STANDARD = "gnu++0x";
				CLANG_CXX_LIBRARY = "libc++";
				CLANG_ENABLE_MODULES = YES;
				CLANG_ENABLE_OBJC_ARC = YES;
				CLANG_WARN_BOOL_CONVERSION = YES;
				CLANG_WARN_CONSTANT_CONVERSION = YES;
				CLANG_WARN_DIRECT_OBJC_ISA_USAGE = YES_ERROR;
				CLANG_WARN_EMPTY_BODY = YES;
				CLANG_WARN_ENUM_CONVERSION = YES;
				CLANG_WARN_INT_CONVERSION = YES;
				CLANG_WARN_OBJC_ROOT_CLASS = YES_ERROR;
				CLANG_WARN_UNREACHABLE_CODE = YES;
				CLANG_WARN__DUPLICATE_METHOD_MATCH = YES;
				"CODE_SIGN_IDENTITY[sdk=iphoneos*]" = "iPhone Developer";
				COPY_PHASE_STRIP = NO;
				ENABLE_STRICT_OBJC_MSGSEND = YES;
				GCC_C_LANGUAGE_STANDARD = gnu99;
				GCC_DYNAMIC_NO_PIC = NO;
				GCC_OPTIMIZATION_LEVEL = 0;
				GCC_PREPROCESSOR_DEFINITIONS = (
					"DEBUG=1",
					"$(inherited)",
				);
				GCC_SYMBOLS_PRIVATE_EXTERN = NO;
				GCC_WARN_64_TO_32_BIT_CONVERSION = YES;
				GCC_WARN_ABOUT_RETURN_TYPE = YES_ERROR;
				GCC_WARN_UNDECLARED_SELECTOR = YES;
				GCC_WARN_UNINITIALIZED_AUTOS = YES_AGGRESSIVE;
				GCC_WARN_UNUSED_FUNCTION = YES;
				GCC_WARN_UNUSED_VARIABLE = YES;
				IPHONEOS_DEPLOYMENT_TARGET = 8.1;
				MTL_ENABLE_DEBUG_INFO = YES;
				ONLY_ACTIVE_ARCH = YES;
				SDKROOT = iphoneos;
			};
			name = Debug;
		};
		AFACFB1C1A1BAEB60006405D /* Release */ = {
			isa = XCBuildConfiguration;
			buildSettings = {
				ALWAYS_SEARCH_USER_PATHS = NO;
				CLANG_CXX_LANGUAGE_STANDARD = "gnu++0x";
				CLANG_CXX_LIBRARY = "libc++";
				CLANG_ENABLE_MODULES = YES;
				CLANG_ENABLE_OBJC_ARC = YES;
				CLANG_WARN_BOOL_CONVERSION = YES;
				CLANG_WARN_CONSTANT_CONVERSION = YES;
				CLANG_WARN_DIRECT_OBJC_ISA_USAGE = YES_ERROR;
				CLANG_WARN_EMPTY_BODY = YES;
				CLANG_WARN_ENUM_CONVERSION = YES;
				CLANG_WARN_INT_CONVERSION = YES;
				CLANG_WARN_OBJC_ROOT_CLASS = YES_ERROR;
				CLANG_WARN_UNREACHABLE_CODE = YES;
				CLANG_WARN__DUPLICATE_METHOD_MATCH = YES;
				"CODE_SIGN_IDENTITY[sdk=iphoneos*]" = "iPhone Developer";
				COPY_PHASE_STRIP = YES;
				ENABLE_NS_ASSERTIONS = NO;
				ENABLE_STRICT_OBJC_MSGSEND = YES;
				GCC_C_LANGUAGE_STANDARD = gnu99;
				GCC_WARN_64_TO_32_BIT_CONVERSION = YES;
				GCC_WARN_ABOUT_RETURN_TYPE = YES_ERROR;
				GCC_WARN_UNDECLARED_SELECTOR = YES;
				GCC_WARN_UNINITIALIZED_AUTOS = YES_AGGRESSIVE;
				GCC_WARN_UNUSED_FUNCTION = YES;
				GCC_WARN_UNUSED_VARIABLE = YES;
				IPHONEOS_DEPLOYMENT_TARGET = 8.1;
				MTL_ENABLE_DEBUG_INFO = NO;
				SDKROOT = iphoneos;
				VALIDATE_PRODUCT = YES;
			};
			name = Release;
		};
		AFACFB1E1A1BAEB60006405D /* Debug */ = {
			isa = XCBuildConfiguration;
			buildSettings = {
				ASSETCATALOG_COMPILER_APPICON_NAME = AppIcon;
				INFOPLIST_FILE = MERogers_Final/Info.plist;
				LD_RUNPATH_SEARCH_PATHS = "$(inherited) @executable_path/Frameworks";
				PRODUCT_NAME = "$(TARGET_NAME)";
			};
			name = Debug;
		};
		AFACFB1F1A1BAEB60006405D /* Release */ = {
			isa = XCBuildConfiguration;
			buildSettings = {
				ASSETCATALOG_COMPILER_APPICON_NAME = AppIcon;
				INFOPLIST_FILE = MERogers_Final/Info.plist;
				LD_RUNPATH_SEARCH_PATHS = "$(inherited) @executable_path/Frameworks";
				PRODUCT_NAME = "$(TARGET_NAME)";
			};
			name = Release;
		};
		AFACFB211A1BAEB60006405D /* Debug */ = {
			isa = XCBuildConfiguration;
			buildSettings = {
				BUNDLE_LOADER = "$(TEST_HOST)";
				FRAMEWORK_SEARCH_PATHS = (
					"$(SDKROOT)/Developer/Library/Frameworks",
					"$(inherited)",
				);
				GCC_PREPROCESSOR_DEFINITIONS = (
					"DEBUG=1",
					"$(inherited)",
				);
				INFOPLIST_FILE = MERogers_FinalTests/Info.plist;
				LD_RUNPATH_SEARCH_PATHS = "$(inherited) @executable_path/Frameworks @loader_path/Frameworks";
				PRODUCT_NAME = "$(TARGET_NAME)";
				TEST_HOST = "$(BUILT_PRODUCTS_DIR)/MERogers_Final.app/MERogers_Final";
			};
			name = Debug;
		};
		AFACFB221A1BAEB60006405D /* Release */ = {
			isa = XCBuildConfiguration;
			buildSettings = {
				BUNDLE_LOADER = "$(TEST_HOST)";
				FRAMEWORK_SEARCH_PATHS = (
					"$(SDKROOT)/Developer/Library/Frameworks",
					"$(inherited)",
				);
				INFOPLIST_FILE = MERogers_FinalTests/Info.plist;
				LD_RUNPATH_SEARCH_PATHS = "$(inherited) @executable_path/Frameworks @loader_path/Frameworks";
				PRODUCT_NAME = "$(TARGET_NAME)";
				TEST_HOST = "$(BUILT_PRODUCTS_DIR)/MERogers_Final.app/MERogers_Final";
			};
			name = Release;
		};
/* End XCBuildConfiguration section */

/* Begin XCConfigurationList section */
		AFACFAF51A1BAEB50006405D /* Build configuration list for PBXProject "MERogers_Final" */ = {
			isa = XCConfigurationList;
			buildConfigurations = (
				AFACFB1B1A1BAEB60006405D /* Debug */,
				AFACFB1C1A1BAEB60006405D /* Release */,
			);
			defaultConfigurationIsVisible = 0;
			defaultConfigurationName = Release;
		};
		AFACFB1D1A1BAEB60006405D /* Build configuration list for PBXNativeTarget "MERogers_Final" */ = {
			isa = XCConfigurationList;
			buildConfigurations = (
				AFACFB1E1A1BAEB60006405D /* Debug */,
				AFACFB1F1A1BAEB60006405D /* Release */,
			);
			defaultConfigurationIsVisible = 0;
		};
		AFACFB201A1BAEB60006405D /* Build configuration list for PBXNativeTarget "MERogers_FinalTests" */ = {
			isa = XCConfigurationList;
			buildConfigurations = (
				AFACFB211A1BAEB60006405D /* Debug */,
				AFACFB221A1BAEB60006405D /* Release */,
			);
			defaultConfigurationIsVisible = 0;
		};
/* End XCConfigurationList section */
	};
	rootObject = AFACFAF21A1BAEB50006405D /* Project object */;
}
